Microsoft Visual Studio Solution File, Format Version 12.00
# Visual Studio Version 17
VisualStudioVersion = 17.5.2.0
MinimumVisualStudioVersion = 10.0.40219.1
Project("{FAE04EC0-301F-11D3-BF4B-00C04F79EFBC}") = "WindPark.Api", "WindPark.Api\WindPark.Api.csproj", "{A344AF2D-B5D0-C858-6595-29280AFA8CC1}"
EndProject
Project("{FAE04EC0-301F-11D3-BF4B-00C04F79EFBC}") = "WindPark.Tests", "WindPark.Tests\WindPark.Tests.csproj", "{BF9980C7-72C4-F437-2CEB-4FC58C323A1B}"
EndProject
Global
	GlobalSection(SolutionConfigurationPlatforms) = preSolution
		Debug|Any CPU = Debug|Any CPU
		Release|Any CPU = Release|Any CPU
	EndGlobalSection
	GlobalSection(ProjectConfigurationPlatforms) = postSolution
		{A344AF2D-B5D0-C858-6595-29280AFA8CC1}.Debug|Any CPU.ActiveCfg = Debug|Any CPU
		{A344AF2D-B5D0-C858-6595-29280AFA8CC1}.Debug|Any CPU.Build.0 = Debug|Any CPU
		{A344AF2D-B5D0-C858-6595-29280AFA8CC1}.Release|Any CPU.ActiveCfg = Release|Any CPU
		{A344AF2D-B5D0-C858-6595-29280AFA8CC1}.Release|Any CPU.Build.0 = Release|Any CPU
		{BF9980C7-72C4-F437-2CEB-4FC58C323A1B}.Debug|Any CPU.ActiveCfg = Debug|Any CPU
		{BF9980C7-72C4-F437-2CEB-4FC58C323A1B}.Debug|Any CPU.Build.0 = Debug|Any CPU
		{BF9980C7-72C4-F437-2CEB-4FC58C323A1B}.Release|Any CPU.ActiveCfg = Release|Any CPU
		{BF9980C7-72C4-F437-2CEB-4FC58C323A1B}.Release|Any CPU.Build.0 = Release|Any CPU
	EndGlobalSection
	GlobalSection(SolutionProperties) = preSolution
		HideSolutionNode = FALSE
	EndGlobalSection
	GlobalSection(ExtensibilityGlobals) = postSolution
		SolutionGuid = {242AF671-D537-49CE-A256-CABC04FCE0FD}
	EndGlobalSection
EndGlobal
